// !$*UTF8*$!
{
	archiveVersion = 1;
	classes = {
	};
	objectVersion = 50;
	objects = {

/* Begin PBXBuildFile section */
		EF9B4275246739C9001B96A1 /* MainTableViewController.swift in Sources */ = {isa = PBXBuildFile; fileRef = EF9B4274246739C9001B96A1 /* MainTableViewController.swift */; };
		EFA804DB2467246F0035C568 /* UnicRouteConverted.gpx in Resources */ = {isa = PBXBuildFile; fileRef = EFA804D9246722820035C568 /* UnicRouteConverted.gpx */; };
		EFA804DC246724F90035C568 /* Main.storyboard in Resources */ = {isa = PBXBuildFile; fileRef = EFA804DA246724270035C568 /* Main.storyboard */; };
		EFA804E3246734330035C568 /* CSViewController.swift in Sources */ = {isa = PBXBuildFile; fileRef = EFA804E2246734330035C568 /* CSViewController.swift */; };
		EFA804E5246736070035C568 /* ContactsViewController.swift in Sources */ = {isa = PBXBuildFile; fileRef = EFA804E4246736070035C568 /* ContactsViewController.swift */; };
		EFA875BF2467200100F09769 /* AppDelegate.swift in Sources */ = {isa = PBXBuildFile; fileRef = EFA875BE2467200100F09769 /* AppDelegate.swift */; };
		EFA875C12467200100F09769 /* SceneDelegate.swift in Sources */ = {isa = PBXBuildFile; fileRef = EFA875C02467200100F09769 /* SceneDelegate.swift */; };
		EFA875C92467200100F09769 /* FinalApp.xcdatamodeld in Sources */ = {isa = PBXBuildFile; fileRef = EFA875C72467200100F09769 /* FinalApp.xcdatamodeld */; };
		EFA875CB2467200300F09769 /* Assets.xcassets in Resources */ = {isa = PBXBuildFile; fileRef = EFA875CA2467200300F09769 /* Assets.xcassets */; };
		EFA875CE2467200300F09769 /* LaunchScreen.storyboard in Resources */ = {isa = PBXBuildFile; fileRef = EFA875CC2467200300F09769 /* LaunchScreen.storyboard */; };
		EFA875D62467206100F09769 /* ContextLocalizationViewController.swift in Sources */ = {isa = PBXBuildFile; fileRef = EFA875D52467206100F09769 /* ContextLocalizationViewController.swift */; };
		EFDCECD0246B487E00766EF7 /* LoginViewController.swift in Sources */ = {isa = PBXBuildFile; fileRef = EFDCECCC246B487D00766EF7 /* LoginViewController.swift */; };
		EFDCECD1246B487E00766EF7 /* StorageTableViewController.swift in Sources */ = {isa = PBXBuildFile; fileRef = EFDCECCD246B487D00766EF7 /* StorageTableViewController.swift */; };
		EFDCECD2246B487E00766EF7 /* RegisterViewController.swift in Sources */ = {isa = PBXBuildFile; fileRef = EFDCECCE246B487E00766EF7 /* RegisterViewController.swift */; };
		EFDCECD3246B487E00766EF7 /* BatteryTableViewController.swift in Sources */ = {isa = PBXBuildFile; fileRef = EFDCECCF246B487E00766EF7 /* BatteryTableViewController.swift */; };
		EFDCECD6246B48B400766EF7 /* AppInfo.swift in Sources */ = {isa = PBXBuildFile; fileRef = EFDCECD4246B48B300766EF7 /* AppInfo.swift */; };
		EFDCECD7246B48B400766EF7 /* AppModel.swift in Sources */ = {isa = PBXBuildFile; fileRef = EFDCECD5246B48B300766EF7 /* AppModel.swift */; };
		EFDCECD9246B4E8100766EF7 /* LocalizationViewController.swift in Sources */ = {isa = PBXBuildFile; fileRef = EFDCECD8246B4E8100766EF7 /* LocalizationViewController.swift */; };
/* End PBXBuildFile section */

/* Begin PBXFileReference section */
		EF9B4274246739C9001B96A1 /* MainTableViewController.swift */ = {isa = PBXFileReference; lastKnownFileType = sourcecode.swift; path = MainTableViewController.swift; sourceTree = "<group>"; };
		EFA804D9246722820035C568 /* UnicRouteConverted.gpx */ = {isa = PBXFileReference; lastKnownFileType = text.xml; name = UnicRouteConverted.gpx; path = "/Users/mqksm/XCode Projects/FinalApp/FinalApp/UnicRouteConverted.gpx"; sourceTree = "<absolute>"; };
		EFA804DA246724270035C568 /* Main.storyboard */ = {isa = PBXFileReference; lastKnownFileType = file.storyboard; name = Main.storyboard; path = "/Users/mqksm/XCode Projects/FinalApp/FinalApp/Main.storyboard"; sourceTree = "<absolute>"; };
		EFA804E2246734330035C568 /* CSViewController.swift */ = {isa = PBXFileReference; lastKnownFileType = sourcecode.swift; path = CSViewController.swift; sourceTree = "<group>"; };
		EFA804E4246736070035C568 /* ContactsViewController.swift */ = {isa = PBXFileReference; lastKnownFileType = sourcecode.swift; path = ContactsViewController.swift; sourceTree = "<group>"; };
		EFA875BB2467200100F09769 /* FinalApp.app */ = {isa = PBXFileReference; explicitFileType = wrapper.application; includeInIndex = 0; path = FinalApp.app; sourceTree = BUILT_PRODUCTS_DIR; };
		EFA875BE2467200100F09769 /* AppDelegate.swift */ = {isa = PBXFileReference; lastKnownFileType = sourcecode.swift; path = AppDelegate.swift; sourceTree = "<group>"; };
		EFA875C02467200100F09769 /* SceneDelegate.swift */ = {isa = PBXFileReference; lastKnownFileType = sourcecode.swift; path = SceneDelegate.swift; sourceTree = "<group>"; };
		EFA875C82467200100F09769 /* FinalApp.xcdatamodel */ = {isa = PBXFileReference; lastKnownFileType = wrapper.xcdatamodel; path = FinalApp.xcdatamodel; sourceTree = "<group>"; };
		EFA875CA2467200300F09769 /* Assets.xcassets */ = {isa = PBXFileReference; lastKnownFileType = folder.assetcatalog; path = Assets.xcassets; sourceTree = "<group>"; };
		EFA875CD2467200300F09769 /* Base */ = {isa = PBXFileReference; lastKnownFileType = file.storyboard; name = Base; path = Base.lproj/LaunchScreen.storyboard; sourceTree = "<group>"; };
		EFA875CF2467200300F09769 /* Info.plist */ = {isa = PBXFileReference; lastKnownFileType = text.plist.xml; path = Info.plist; sourceTree = "<group>"; };
		EFA875D52467206100F09769 /* ContextLocalizationViewController.swift */ = {isa = PBXFileReference; fileEncoding = 4; lastKnownFileType = sourcecode.swift; path = ContextLocalizationViewController.swift; sourceTree = "<group>"; };
		EFDCECCC246B487D00766EF7 /* LoginViewController.swift */ = {isa = PBXFileReference; fileEncoding = 4; lastKnownFileType = sourcecode.swift; path = LoginViewController.swift; sourceTree = "<group>"; };
		EFDCECCD246B487D00766EF7 /* StorageTableViewController.swift */ = {isa = PBXFileReference; fileEncoding = 4; lastKnownFileType = sourcecode.swift; path = StorageTableViewController.swift; sourceTree = "<group>"; };
		EFDCECCE246B487E00766EF7 /* RegisterViewController.swift */ = {isa = PBXFileReference; fileEncoding = 4; lastKnownFileType = sourcecode.swift; path = RegisterViewController.swift; sourceTree = "<group>"; };
		EFDCECCF246B487E00766EF7 /* BatteryTableViewController.swift */ = {isa = PBXFileReference; fileEncoding = 4; lastKnownFileType = sourcecode.swift; path = BatteryTableViewController.swift; sourceTree = "<group>"; };
		EFDCECD4246B48B300766EF7 /* AppInfo.swift */ = {isa = PBXFileReference; fileEncoding = 4; lastKnownFileType = sourcecode.swift; path = AppInfo.swift; sourceTree = "<group>"; };
		EFDCECD5246B48B300766EF7 /* AppModel.swift */ = {isa = PBXFileReference; fileEncoding = 4; lastKnownFileType = sourcecode.swift; path = AppModel.swift; sourceTree = "<group>"; };
		EFDCECD8246B4E8100766EF7 /* LocalizationViewController.swift */ = {isa = PBXFileReference; fileEncoding = 4; lastKnownFileType = sourcecode.swift; path = LocalizationViewController.swift; sourceTree = "<group>"; };
/* End PBXFileReference section */

/* Begin PBXFrameworksBuildPhase section */
		EFA875B82467200100F09769 /* Frameworks */ = {
			isa = PBXFrameworksBuildPhase;
			buildActionMask = 2147483647;
			files = (
			);
			runOnlyForDeploymentPostprocessing = 0;
		};
/* End PBXFrameworksBuildPhase section */

/* Begin PBXGroup section */
		EFA804E124672A4F0035C568 /* Conrollers */ = {
			isa = PBXGroup;
			children = (
				EF9B4274246739C9001B96A1 /* MainTableViewController.swift */,
				EFA804E2246734330035C568 /* CSViewController.swift */,
				EFDCECD8246B4E8100766EF7 /* LocalizationViewController.swift */,
				EFA875D52467206100F09769 /* ContextLocalizationViewController.swift */,
				EFA804E4246736070035C568 /* ContactsViewController.swift */,
				EFDCECCC246B487D00766EF7 /* LoginViewController.swift */,
				EFDCECCE246B487E00766EF7 /* RegisterViewController.swift */,
				EFDCECCF246B487E00766EF7 /* BatteryTableViewController.swift */,
				EFDCECCD246B487D00766EF7 /* StorageTableViewController.swift */,
			);
			path = Conrollers;
			sourceTree = "<group>";
		};
		EFA875B22467200100F09769 = {
			isa = PBXGroup;
			children = (
				EFA875BD2467200100F09769 /* FinalApp */,
				EFA875BC2467200100F09769 /* Products */,
			);
			sourceTree = "<group>";
		};
		EFA875BC2467200100F09769 /* Products */ = {
			isa = PBXGroup;
			children = (
				EFA875BB2467200100F09769 /* FinalApp.app */,
			);
			name = Products;
			sourceTree = "<group>";
		};
		EFA875BD2467200100F09769 /* FinalApp */ = {
			isa = PBXGroup;
			children = (
				EFA875BE2467200100F09769 /* AppDelegate.swift */,
				EFA875C02467200100F09769 /* SceneDelegate.swift */,
				EFA875CA2467200300F09769 /* Assets.xcassets */,
				EFA804E124672A4F0035C568 /* Conrollers */,
				EFA875CC2467200300F09769 /* LaunchScreen.storyboard */,
				EFA804DA246724270035C568 /* Main.storyboard */,
				EFDCECD4246B48B300766EF7 /* AppInfo.swift */,
				EFDCECD5246B48B300766EF7 /* AppModel.swift */,
				EFA875CF2467200300F09769 /* Info.plist */,
				EFA875C72467200100F09769 /* FinalApp.xcdatamodeld */,
				EFA804D9246722820035C568 /* UnicRouteConverted.gpx */,
			);
			path = FinalApp;
			sourceTree = "<group>";
		};
/* End PBXGroup section */

/* Begin PBXNativeTarget section */
		EFA875BA2467200100F09769 /* FinalApp */ = {
			isa = PBXNativeTarget;
			buildConfigurationList = EFA875D22467200300F09769 /* Build configuration list for PBXNativeTarget "FinalApp" */;
			buildPhases = (
				EFA875B72467200100F09769 /* Sources */,
				EFA875B82467200100F09769 /* Frameworks */,
				EFA875B92467200100F09769 /* Resources */,
			);
			buildRules = (
			);
			dependencies = (
			);
			name = FinalApp;
			productName = FinalApp;
			productReference = EFA875BB2467200100F09769 /* FinalApp.app */;
			productType = "com.apple.product-type.application";
		};
/* End PBXNativeTarget section */

/* Begin PBXProject section */
		EFA875B32467200100F09769 /* Project object */ = {
			isa = PBXProject;
			attributes = {
				LastSwiftUpdateCheck = 1140;
				LastUpgradeCheck = 1140;
				ORGANIZATIONNAME = Maxim;
				TargetAttributes = {
					EFA875BA2467200100F09769 = {
						CreatedOnToolsVersion = 11.4.1;
					};
				};
			};
			buildConfigurationList = EFA875B62467200100F09769 /* Build configuration list for PBXProject "FinalApp" */;
			compatibilityVersion = "Xcode 9.3";
			developmentRegion = en;
			hasScannedForEncodings = 0;
			knownRegions = (
				en,
				Base,
			);
			mainGroup = EFA875B22467200100F09769;
			productRefGroup = EFA875BC2467200100F09769 /* Products */;
			projectDirPath = "";
			projectRoot = "";
			targets = (
				EFA875BA2467200100F09769 /* FinalApp */,
			);
		};
/* End PBXProject section */

/* Begin PBXResourcesBuildPhase section */
		EFA875B92467200100F09769 /* Resources */ = {
			isa = PBXResourcesBuildPhase;
			buildActionMask = 2147483647;
			files = (
				EFA804DB2467246F0035C568 /* UnicRouteConverted.gpx in Resources */,
				EFA875CE2467200300F09769 /* LaunchScreen.storyboard in Resources */,
				EFA875CB2467200300F09769 /* Assets.xcassets in Resources */,
				EFA804DC246724F90035C568 /* Main.storyboard in Resources */,
			);
			runOnlyForDeploymentPostprocessing = 0;
		};
/* End PBXResourcesBuildPhase section */

/* Begin PBXSourcesBuildPhase section */
		EFA875B72467200100F09769 /* Sources */ = {
			isa = PBXSourcesBuildPhase;
			buildActionMask = 2147483647;
			files = (
				EFA875C92467200100F09769 /* FinalApp.xcdatamodeld in Sources */,
				EFDCECD2246B487E00766EF7 /* RegisterViewController.swift in Sources */,
				EFDCECD1246B487E00766EF7 /* StorageTableViewController.swift in Sources */,
				EFA875BF2467200100F09769 /* AppDelegate.swift in Sources */,
				EFDCECD9246B4E8100766EF7 /* LocalizationViewController.swift in Sources */,
				EFA875D62467206100F09769 /* ContextLocalizationViewController.swift in Sources */,
				EFDCECD6246B48B400766EF7 /* AppInfo.swift in Sources */,
				EFDCECD3246B487E00766EF7 /* BatteryTableViewController.swift in Sources */,
				EFDCECD7246B48B400766EF7 /* AppModel.swift in Sources */,
				EFA875C12467200100F09769 /* SceneDelegate.swift in Sources */,
				EFDCECD0246B487E00766EF7 /* LoginViewController.swift in Sources */,
				EFA804E3246734330035C568 /* CSViewController.swift in Sources */,
				EFA804E5246736070035C568 /* ContactsViewController.swift in Sources */,
				EF9B4275246739C9001B96A1 /* MainTableViewController.swift in Sources */,
			);
			runOnlyForDeploymentPostprocessing = 0;
		};
/* End PBXSourcesBuildPhase section */

/* Begin PBXVariantGroup section */
		EFA875CC2467200300F09769 /* LaunchScreen.storyboard */ = {
			isa = PBXVariantGroup;
			children = (
				EFA875CD2467200300F09769 /* Base */,
			);
			name = LaunchScreen.storyboard;
			sourceTree = "<group>";
		};
/* End PBXVariantGroup section */

/* Begin XCBuildConfiguration section */
		EFA875D02467200300F09769 /* Debug */ = {
			isa = XCBuildConfiguration;
			buildSettings = {
				ALWAYS_SEARCH_USER_PATHS = NO;
				CLANG_ANALYZER_NONNULL = YES;
				CLANG_ANALYZER_NUMBER_OBJECT_CONVERSION = YES_AGGRESSIVE;
				CLANG_CXX_LANGUAGE_STANDARD = "gnu++14";
				CLANG_CXX_LIBRARY = "libc++";
				CLANG_ENABLE_MODULES = YES;
				CLANG_ENABLE_OBJC_ARC = YES;
				CLANG_ENABLE_OBJC_WEAK = YES;
				CLANG_WARN_BLOCK_CAPTURE_AUTORELEASING = YES;
				CLANG_WARN_BOOL_CONVERSION = YES;
				CLANG_WARN_COMMA = YES;
				CLANG_WARN_CONSTANT_CONVERSION = YES;
				CLANG_WARN_DEPRECATED_OBJC_IMPLEMENTATIONS = YES;
				CLANG_WARN_DIRECT_OBJC_ISA_USAGE = YES_ERROR;
				CLANG_WARN_DOCUMENTATION_COMMENTS = YES;
				CLANG_WARN_EMPTY_BODY = YES;
				CLANG_WARN_ENUM_CONVERSION = YES;
				CLANG_WARN_INFINITE_RECURSION = YES;
				CLANG_WARN_INT_CONVERSION = YES;
				CLANG_WARN_NON_LITERAL_NULL_CONVERSION = YES;
				CLANG_WARN_OBJC_IMPLICIT_RETAIN_SELF = YES;
				CLANG_WARN_OBJC_LITERAL_CONVERSION = YES;
				CLANG_WARN_OBJC_ROOT_CLASS = YES_ERROR;
				CLANG_WARN_RANGE_LOOP_ANALYSIS = YES;
				CLANG_WARN_STRICT_PROTOTYPES = YES;
				CLANG_WARN_SUSPICIOUS_MOVE = YES;
				CLANG_WARN_UNGUARDED_AVAILABILITY = YES_AGGRESSIVE;
				CLANG_WARN_UNREACHABLE_CODE = YES;
				CLANG_WARN__DUPLICATE_METHOD_MATCH = YES;
				COPY_PHASE_STRIP = NO;
				DEBUG_INFORMATION_FORMAT = dwarf;
				ENABLE_STRICT_OBJC_MSGSEND = YES;
				ENABLE_TESTABILITY = YES;
				GCC_C_LANGUAGE_STANDARD = gnu11;
				GCC_DYNAMIC_NO_PIC = NO;
				GCC_NO_COMMON_BLOCKS = YES;
				GCC_OPTIMIZATION_LEVEL = 0;
				GCC_PREPROCESSOR_DEFINITIONS = (
					"DEBUG=1",
					"$(inherited)",
				);
				GCC_WARN_64_TO_32_BIT_CONVERSION = YES;
				GCC_WARN_ABOUT_RETURN_TYPE = YES_ERROR;
				GCC_WARN_UNDECLARED_SELECTOR = YES;
				GCC_WARN_UNINITIALIZED_AUTOS = YES_AGGRESSIVE;
				GCC_WARN_UNUSED_FUNCTION = YES;
				GCC_WARN_UNUSED_VARIABLE = YES;
				IPHONEOS_DEPLOYMENT_TARGET = 13.4;
				MTL_ENABLE_DEBUG_INFO = INCLUDE_SOURCE;
				MTL_FAST_MATH = YES;
				ONLY_ACTIVE_ARCH = YES;
				SDKROOT = iphoneos;
				SWIFT_ACTIVE_COMPILATION_CONDITIONS = DEBUG;
				SWIFT_OPTIMIZATION_LEVEL = "-Onone";
			};
			name = Debug;
		};
		EFA875D12467200300F09769 /* Release */ = {
			isa = XCBuildConfiguration;
			buildSettings = {
				ALWAYS_SEARCH_USER_PATHS = NO;
				CLANG_ANALYZER_NONNULL = YES;
				CLANG_ANALYZER_NUMBER_OBJECT_CONVERSION = YES_AGGRESSIVE;
				CLANG_CXX_LANGUAGE_STANDARD = "gnu++14";
				CLANG_CXX_LIBRARY = "libc++";
				CLANG_ENABLE_MODULES = YES;
				CLANG_ENABLE_OBJC_ARC = YES;
				CLANG_ENABLE_OBJC_WEAK = YES;
				CLANG_WARN_BLOCK_CAPTURE_AUTORELEASING = YES;
				CLANG_WARN_BOOL_CONVERSION = YES;
				CLANG_WARN_COMMA = YES;
				CLANG_WARN_CONSTANT_CONVERSION = YES;
				CLANG_WARN_DEPRECATED_OBJC_IMPLEMENTATIONS = YES;
				CLANG_WARN_DIRECT_OBJC_ISA_USAGE = YES_ERROR;
				CLANG_WARN_DOCUMENTATION_COMMENTS = YES;
				CLANG_WARN_EMPTY_BODY = YES;
				CLANG_WARN_ENUM_CONVERSION = YES;
				CLANG_WARN_INFINITE_RECURSION = YES;
				CLANG_WARN_INT_CONVERSION = YES;
				CLANG_WARN_NON_LITERAL_NULL_CONVERSION = YES;
				CLANG_WARN_OBJC_IMPLICIT_RETAIN_SELF = YES;
				CLANG_WARN_OBJC_LITERAL_CONVERSION = YES;
				CLANG_WARN_OBJC_ROOT_CLASS = YES_ERROR;
				CLANG_WARN_RANGE_LOOP_ANALYSIS = YES;
				CLANG_WARN_STRICT_PROTOTYPES = YES;
				CLANG_WARN_SUSPICIOUS_MOVE = YES;
				CLANG_WARN_UNGUARDED_AVAILABILITY = YES_AGGRESSIVE;
				CLANG_WARN_UNREACHABLE_CODE = YES;
				CLANG_WARN__DUPLICATE_METHOD_MATCH = YES;
				COPY_PHASE_STRIP = NO;
				DEBUG_INFORMATION_FORMAT = "dwarf-with-dsym";
				ENABLE_NS_ASSERTIONS = NO;
				ENABLE_STRICT_OBJC_MSGSEND = YES;
				GCC_C_LANGUAGE_STANDARD = gnu11;
				GCC_NO_COMMON_BLOCKS = YES;
				GCC_WARN_64_TO_32_BIT_CONVERSION = YES;
				GCC_WARN_ABOUT_RETURN_TYPE = YES_ERROR;
				GCC_WARN_UNDECLARED_SELECTOR = YES;
				GCC_WARN_UNINITIALIZED_AUTOS = YES_AGGRESSIVE;
				GCC_WARN_UNUSED_FUNCTION = YES;
				GCC_WARN_UNUSED_VARIABLE = YES;
				IPHONEOS_DEPLOYMENT_TARGET = 13.4;
				MTL_ENABLE_DEBUG_INFO = NO;
				MTL_FAST_MATH = YES;
				SDKROOT = iphoneos;
				SWIFT_COMPILATION_MODE = wholemodule;
				SWIFT_OPTIMIZATION_LEVEL = "-O";
				VALIDATE_PRODUCT = YES;
			};
			name = Release;
		};
		EFA875D32467200300F09769 /* Debug */ = {
			isa = XCBuildConfiguration;
			buildSettings = {
				ASSETCATALOG_COMPILER_APPICON_NAME = AppIcon;
				CODE_SIGN_STYLE = Automatic;
				DEVELOPMENT_TEAM = F68JF4M4B8;
				INFOPLIST_FILE = FinalApp/Info.plist;
				LD_RUNPATH_SEARCH_PATHS = (
					"$(inherited)",
					"@executable_path/Frameworks",
				);
				PRODUCT_BUNDLE_IDENTIFIER = example.max.FinalApp;
				PRODUCT_NAME = "$(TARGET_NAME)";
				SWIFT_VERSION = 5.0;
				TARGETED_DEVICE_FAMILY = "1,2";
			};
			name = Debug;
		};
		EFA875D42467200300F09769 /* Release */ = {
			isa = XCBuildConfiguration;
			buildSettings = {
				ASSETCATALOG_COMPILER_APPICON_NAME = AppIcon;
				CODE_SIGN_STYLE = Automatic;
				DEVELOPMENT_TEAM = F68JF4M4B8;
				INFOPLIST_FILE = FinalApp/Info.plist;
				LD_RUNPATH_SEARCH_PATHS = (
					"$(inherited)",
					"@executable_path/Frameworks",
				);
				PRODUCT_BUNDLE_IDENTIFIER = example.max.FinalApp;
				PRODUCT_NAME = "$(TARGET_NAME)";
				SWIFT_VERSION = 5.0;
				TARGETED_DEVICE_FAMILY = "1,2";
			};
			name = Release;
		};
/* End XCBuildConfiguration section */

/* Begin XCConfigurationList section */
		EFA875B62467200100F09769 /* Build configuration list for PBXProject "FinalApp" */ = {
			isa = XCConfigurationList;
			buildConfigurations = (
				EFA875D02467200300F09769 /* Debug */,
				EFA875D12467200300F09769 /* Release */,
			);
			defaultConfigurationIsVisible = 0;
			defaultConfigurationName = Release;
		};
		EFA875D22467200300F09769 /* Build configuration list for PBXNativeTarget "FinalApp" */ = {
			isa = XCConfigurationList;
			buildConfigurations = (
				EFA875D32467200300F09769 /* Debug */,
				EFA875D42467200300F09769 /* Release */,
			);
			defaultConfigurationIsVisible = 0;
			defaultConfigurationName = Release;
		};
/* End XCConfigurationList section */

/* Begin XCVersionGroup section */
		EFA875C72467200100F09769 /* FinalApp.xcdatamodeld */ = {
			isa = XCVersionGroup;
			children = (
				EFA875C82467200100F09769 /* FinalApp.xcdatamodel */,
			);
			currentVersion = EFA875C82467200100F09769 /* FinalApp.xcdatamodel */;
			path = FinalApp.xcdatamodeld;
			sourceTree = "<group>";
			versionGroupType = wrapper.xcdatamodel;
		};
/* End XCVersionGroup section */
	};
	rootObject = EFA875B32467200100F09769 /* Project object */;
}
